
Microsoft Visual Studio Solution File, Format Version 12.00
# Visual Studio 15
VisualStudioVersion = 15.0.27428.2037
MinimumVisualStudioVersion = 10.0.40219.1
Project("{888888A0-9F3D-457C-B088-3A5042F75D52}") = "ComicDown", "ComicDown\ComicDown.pyproj", "{AB5240A2-F55A-4E38-A424-93012AE0231C}"
EndProject
Global
	GlobalSection(SolutionConfigurationPlatforms) = preSolution
		Debug|Any CPU = Debug|Any CPU
		Release|Any CPU = Release|Any CPU
	EndGlobalSection
	GlobalSection(ProjectConfigurationPlatforms) = postSolution
		{AB5240A2-F55A-4E38-A424-93012AE0231C}.Debug|Any CPU.ActiveCfg = Debug|Any CPU
		{AB5240A2-F55A-4E38-A424-93012AE0231C}.Release|Any CPU.ActiveCfg = Release|Any CPU
	EndGlobalSection
	GlobalSection(SolutionProperties) = preSolution
		HideSolutionNode = FALSE
	EndGlobalSection
	GlobalSection(ExtensibilityGlobals) = postSolution
		SolutionGuid = {4FD3851C-8815-4AF5-95A3-8EAA46CAFAF9}
	EndGlobalSection
EndGlobal
